
Microsoft Visual Studio Solution File, Format Version 12.00
# Visual Studio 15
VisualStudioVersion = 15.0.28307.852
MinimumVisualStudioVersion = 10.0.40219.1
Project("{FAE04EC0-301F-11D3-BF4B-00C04F79EFBC}") = "notatnik", "notatnik.csproj", "{30D393D0-61EB-4B24-B0D8-70E18FE1D2C1}"
EndProject
Global
	GlobalSection(SolutionConfigurationPlatforms) = preSolution
		Debug|Any CPU = Debug|Any CPU
		Release|Any CPU = Release|Any CPU
	EndGlobalSection
	GlobalSection(ProjectConfigurationPlatforms) = postSolution
		{30D393D0-61EB-4B24-B0D8-70E18FE1D2C1}.Debug|Any CPU.ActiveCfg = Debug|Any CPU
		{30D393D0-61EB-4B24-B0D8-70E18FE1D2C1}.Debug|Any CPU.Build.0 = Debug|Any CPU
		{30D393D0-61EB-4B24-B0D8-70E18FE1D2C1}.Debug|Any CPU.Deploy.0 = Debug|Any CPU
		{30D393D0-61EB-4B24-B0D8-70E18FE1D2C1}.Release|Any CPU.ActiveCfg = Release|Any CPU
		{30D393D0-61EB-4B24-B0D8-70E18FE1D2C1}.Release|Any CPU.Build.0 = Release|Any CPU
		{30D393D0-61EB-4B24-B0D8-70E18FE1D2C1}.Release|Any CPU.Deploy.0 = Release|Any CPU
	EndGlobalSection
	GlobalSection(SolutionProperties) = preSolution
		HideSolutionNode = FALSE
	EndGlobalSection
	GlobalSection(ExtensibilityGlobals) = postSolution
		SolutionGuid = {4ECB850A-A389-45CD-90F4-67BA0F16E7F1}
	EndGlobalSection
EndGlobal
